
Microsoft Visual Studio Solution File, Format Version 12.00
# Visual Studio 15
VisualStudioVersion = 15.0.28010.2041
MinimumVisualStudioVersion = 10.0.40219.1
Project("{FAE04EC0-301F-11D3-BF4B-00C04F79EFBC}") = "notas e moedas", "notas e moedas\notas e moedas.csproj", "{752F745C-9306-4EB6-89B9-F22AF9D1137E}"
EndProject
Global
	GlobalSection(SolutionConfigurationPlatforms) = preSolution
		Debug|Any CPU = Debug|Any CPU
		Release|Any CPU = Release|Any CPU
	EndGlobalSection
	GlobalSection(ProjectConfigurationPlatforms) = postSolution
		{752F745C-9306-4EB6-89B9-F22AF9D1137E}.Debug|Any CPU.ActiveCfg = Debug|Any CPU
		{752F745C-9306-4EB6-89B9-F22AF9D1137E}.Debug|Any CPU.Build.0 = Debug|Any CPU
		{752F745C-9306-4EB6-89B9-F22AF9D1137E}.Release|Any CPU.ActiveCfg = Release|Any CPU
		{752F745C-9306-4EB6-89B9-F22AF9D1137E}.Release|Any CPU.Build.0 = Release|Any CPU
	EndGlobalSection
	GlobalSection(SolutionProperties) = preSolution
		HideSolutionNode = FALSE
	EndGlobalSection
	GlobalSection(ExtensibilityGlobals) = postSolution
		SolutionGuid = {7CE12F91-9788-40EC-9AD2-C5455B7E1E77}
	EndGlobalSection
EndGlobal
